
Microsoft Visual Studio Solution File, Format Version 12.00
# Visual Studio Version 16
VisualStudioVersion = 16.0.34031.81
MinimumVisualStudioVersion = 10.0.40219.1
Project("{FAE04EC0-301F-11D3-BF4B-00C04F79EFBC}") = "Exerc_1018", "Exerc_1018\Exerc_1018.csproj", "{357885FD-E446-4D49-A6C4-7D87CF5D4A4A}"
EndProject
Global
	GlobalSection(SolutionConfigurationPlatforms) = preSolution
		Debug|Any CPU = Debug|Any CPU
		Release|Any CPU = Release|Any CPU
	EndGlobalSection
	GlobalSection(ProjectConfigurationPlatforms) = postSolution
		{357885FD-E446-4D49-A6C4-7D87CF5D4A4A}.Debug|Any CPU.ActiveCfg = Debug|Any CPU
		{357885FD-E446-4D49-A6C4-7D87CF5D4A4A}.Debug|Any CPU.Build.0 = Debug|Any CPU
		{357885FD-E446-4D49-A6C4-7D87CF5D4A4A}.Release|Any CPU.ActiveCfg = Release|Any CPU
		{357885FD-E446-4D49-A6C4-7D87CF5D4A4A}.Release|Any CPU.Build.0 = Release|Any CPU
	EndGlobalSection
	GlobalSection(SolutionProperties) = preSolution
		HideSolutionNode = FALSE
	EndGlobalSection
	GlobalSection(ExtensibilityGlobals) = postSolution
		SolutionGuid = {56460FC3-A8AE-4693-8A11-4F8E94EF5E71}
	EndGlobalSection
EndGlobal
